// !$*UTF8*$!
{
	archiveVersion = 1;
	classes = {
	};
	objectVersion = 46;
	objects = {

/* Begin PBXBuildFile section */
		0EAE332B9B454F77AB220D3B /* Foundation.ttf in Resources */ = {isa = PBXBuildFile; fileRef = 270B96237F85409A983BF4CB /* Foundation.ttf */; };
		13B07FBC1A68108700A75B9A /* AppDelegate.m in Sources */ = {isa = PBXBuildFile; fileRef = 13B07FB01A68108700A75B9A /* AppDelegate.m */; };
		13B07FBD1A68108700A75B9A /* LaunchScreen.xib in Resources */ = {isa = PBXBuildFile; fileRef = 13B07FB11A68108700A75B9A /* LaunchScreen.xib */; };
		13B07FBF1A68108700A75B9A /* Images.xcassets in Resources */ = {isa = PBXBuildFile; fileRef = 13B07FB51A68108700A75B9A /* Images.xcassets */; };
		13B07FC11A68108700A75B9A /* main.m in Sources */ = {isa = PBXBuildFile; fileRef = 13B07FB71A68108700A75B9A /* main.m */; };
		15D9912F0DD14BEFA5F72C29 /* Ionicons.ttf in Resources */ = {isa = PBXBuildFile; fileRef = FD3E2498D9524CBBBE7A7897 /* Ionicons.ttf */; };
		40E45189B9D14C64BC03B9F8 /* Zocial.ttf in Resources */ = {isa = PBXBuildFile; fileRef = F6FF10ABDD4C47399D482D3A /* Zocial.ttf */; };
		4130FBD745514CFCBCC5A4F7 /* MaterialIcons.ttf in Resources */ = {isa = PBXBuildFile; fileRef = 6C0814D5C4CB4DF38BD717EB /* MaterialIcons.ttf */; };
		51898EAC8A9E4F79ABD06331 /* Octicons.ttf in Resources */ = {isa = PBXBuildFile; fileRef = 73505FE73B2F4879A54B9EB4 /* Octicons.ttf */; };
		565653FC1CB4D7F500436083 /* libRCTLinking.a in Frameworks */ = {isa = PBXBuildFile; fileRef = 565653F91CB4D7EC00436083 /* libRCTLinking.a */; };
		569A9F8E1CBF4AC600F47FFA /* main.jsbundle in Resources */ = {isa = PBXBuildFile; fileRef = 569A9F8D1CBF4AC600F47FFA /* main.jsbundle */; };
		6DA693B71CBF71B500B42EE4 /* Orientation.m in Sources */ = {isa = PBXBuildFile; fileRef = 6DA693B61CBF71B500B42EE4 /* Orientation.m */; };
		7DD16E341A0E42C8BB666D4A /* EvilIcons.ttf in Resources */ = {isa = PBXBuildFile; fileRef = 2271A41F1F4340AEB0EF98B4 /* EvilIcons.ttf */; };
		8B08C5F21CA00E7600961C8F /* libBVLinearGradient.a in Frameworks */ = {isa = PBXBuildFile; fileRef = 8B08C5F01CA00E6000961C8F /* libBVLinearGradient.a */; };
		8B856BA51CAE55C300FE2959 /* libRCTGeolocation.a in Frameworks */ = {isa = PBXBuildFile; fileRef = 8B856BA31CAE55B000FE2959 /* libRCTGeolocation.a */; };
		8BB48A8B1C9ABA00006D5BA2 /* libRNSearchBar.a in Frameworks */ = {isa = PBXBuildFile; fileRef = 8BB48A8A1C9AB9B6006D5BA2 /* libRNSearchBar.a */; };
		C87A08251B683A3800075643 /* plutoBack.png in Resources */ = {isa = PBXBuildFile; fileRef = C87A08241B683A3800075643 /* plutoBack.png */; };
		C88173CE1B6FBBEB001330B7 /* RCTFBSDKShareTests.m in Sources */ = {isa = PBXBuildFile; fileRef = C88173CD1B6FBBEB001330B7 /* RCTFBSDKShareTests.m */; };
		D5B9DC827F1D454281293ABA /* Entypo.ttf in Resources */ = {isa = PBXBuildFile; fileRef = 2A61B272EAD74DEFB26FFA16 /* Entypo.ttf */; };
		D8CF3DE97E6B614A8797B5DA /* libPods.a in Frameworks */ = {isa = PBXBuildFile; fileRef = 89E94AEB84EF573737C2F165 /* libPods.a */; };
		EEB1A596C59946B3BBC6DDBA /* FontAwesome.ttf in Resources */ = {isa = PBXBuildFile; fileRef = 18466B76EA2F45FD9DB88922 /* FontAwesome.ttf */; };
		EFDE5E38EF7B424A9D7345CA /* libRNVectorIcons.a in Frameworks */ = {isa = PBXBuildFile; fileRef = 81205198C36449819B8EB261 /* libRNVectorIcons.a */; };
/* End PBXBuildFile section */

/* Begin PBXContainerItemProxy section */
		565653F81CB4D7EC00436083 /* PBXContainerItemProxy */ = {
			isa = PBXContainerItemProxy;
			containerPortal = 565653F21CB4D7EC00436083 /* RCTLinking.xcodeproj */;
			proxyType = 2;
			remoteGlobalIDString = 134814201AA4EA6300B7C361;
			remoteInfo = RCTLinking;
		};
		6D41A7C81CAE69FB00D35502 /* PBXContainerItemProxy */ = {
			isa = PBXContainerItemProxy;
			containerPortal = 8F4C4D06AA3D42238E90B110 /* RNVectorIcons.xcodeproj */;
			proxyType = 2;
			remoteGlobalIDString = 5DBEB1501B18CEA900B34395;
			remoteInfo = RNVectorIcons;
		};
		8B08C5EF1CA00E6000961C8F /* PBXContainerItemProxy */ = {
			isa = PBXContainerItemProxy;
			containerPortal = 8B08C5EB1CA00E6000961C8F /* BVLinearGradient.xcodeproj */;
			proxyType = 2;
			remoteGlobalIDString = 134814201AA4EA6300B7C361;
			remoteInfo = BVLinearGradient;
		};
		8B856BA21CAE55B000FE2959 /* PBXContainerItemProxy */ = {
			isa = PBXContainerItemProxy;
			containerPortal = 8B856B9D1CAE55B000FE2959 /* RCTGeolocation.xcodeproj */;
			proxyType = 2;
			remoteGlobalIDString = 134814201AA4EA6300B7C361;
			remoteInfo = RCTGeolocation;
		};
		8BB48A891C9AB9B6006D5BA2 /* PBXContainerItemProxy */ = {
			isa = PBXContainerItemProxy;
			containerPortal = 8BB48A851C9AB9B6006D5BA2 /* RNSearchBar.xcodeproj */;
			proxyType = 2;
			remoteGlobalIDString = 134814201AA4EA6300B7C361;
			remoteInfo = RNSearchBar;
		};
		C88173B41B6FBB4E001330B7 /* PBXContainerItemProxy */ = {
			isa = PBXContainerItemProxy;
			containerPortal = 83CBB9F71A601CBA00E9B192 /* Project object */;
			proxyType = 1;
			remoteGlobalIDString = 13B07F861A680F5B00A75B9A;
			remoteInfo = TradeMuch;
		};
/* End PBXContainerItemProxy section */

/* Begin PBXFileReference section */
		13B07F961A680F5B00A75B9A /* TradeMuch.app */ = {isa = PBXFileReference; explicitFileType = wrapper.application; includeInIndex = 0; path = TradeMuch.app; sourceTree = BUILT_PRODUCTS_DIR; };
		13B07FAF1A68108700A75B9A /* AppDelegate.h */ = {isa = PBXFileReference; fileEncoding = 4; lastKnownFileType = sourcecode.c.h; name = AppDelegate.h; path = iOS/AppDelegate.h; sourceTree = "<group>"; };
		13B07FB01A68108700A75B9A /* AppDelegate.m */ = {isa = PBXFileReference; fileEncoding = 4; lastKnownFileType = sourcecode.c.objc; name = AppDelegate.m; path = iOS/AppDelegate.m; sourceTree = "<group>"; };
		13B07FB21A68108700A75B9A /* Base */ = {isa = PBXFileReference; lastKnownFileType = file.xib; name = Base; path = Base.lproj/LaunchScreen.xib; sourceTree = "<group>"; };
		13B07FB51A68108700A75B9A /* Images.xcassets */ = {isa = PBXFileReference; lastKnownFileType = folder.assetcatalog; name = Images.xcassets; path = iOS/Images.xcassets; sourceTree = "<group>"; };
		13B07FB61A68108700A75B9A /* Info.plist */ = {isa = PBXFileReference; fileEncoding = 4; lastKnownFileType = text.plist.xml; name = Info.plist; path = iOS/Info.plist; sourceTree = "<group>"; };
		13B07FB71A68108700A75B9A /* main.m */ = {isa = PBXFileReference; fileEncoding = 4; lastKnownFileType = sourcecode.c.objc; name = main.m; path = iOS/main.m; sourceTree = "<group>"; };
		18466B76EA2F45FD9DB88922 /* FontAwesome.ttf */ = {isa = PBXFileReference; explicitFileType = undefined; fileEncoding = 9; includeInIndex = 0; lastKnownFileType = unknown; name = FontAwesome.ttf; path = "node_modules/react-native-vector-icons/Fonts/FontAwesome.ttf"; sourceTree = "<group>"; };
		2271A41F1F4340AEB0EF98B4 /* EvilIcons.ttf */ = {isa = PBXFileReference; explicitFileType = undefined; fileEncoding = 9; includeInIndex = 0; lastKnownFileType = unknown; name = EvilIcons.ttf; path = "node_modules/react-native-vector-icons/Fonts/EvilIcons.ttf"; sourceTree = "<group>"; };
		270B96237F85409A983BF4CB /* Foundation.ttf */ = {isa = PBXFileReference; explicitFileType = undefined; fileEncoding = 9; includeInIndex = 0; lastKnownFileType = unknown; name = Foundation.ttf; path = "node_modules/react-native-vector-icons/Fonts/Foundation.ttf"; sourceTree = "<group>"; };
		294D3745670740567B660B09 /* Pods.debug.xcconfig */ = {isa = PBXFileReference; includeInIndex = 1; lastKnownFileType = text.xcconfig; name = Pods.debug.xcconfig; path = "Pods/Target Support Files/Pods/Pods.debug.xcconfig"; sourceTree = "<group>"; };
		2A61B272EAD74DEFB26FFA16 /* Entypo.ttf */ = {isa = PBXFileReference; explicitFileType = undefined; fileEncoding = 9; includeInIndex = 0; lastKnownFileType = unknown; name = Entypo.ttf; path = "node_modules/react-native-vector-icons/Fonts/Entypo.ttf"; sourceTree = "<group>"; };
		565653F21CB4D7EC00436083 /* RCTLinking.xcodeproj */ = {isa = PBXFileReference; lastKnownFileType = "wrapper.pb-project"; name = RCTLinking.xcodeproj; path = "node_modules/react-native/Libraries/LinkingIOS/RCTLinking.xcodeproj"; sourceTree = "<group>"; };
		569A9F8D1CBF4AC600F47FFA /* main.jsbundle */ = {isa = PBXFileReference; fileEncoding = 4; lastKnownFileType = text; path = main.jsbundle; sourceTree = "<group>"; };
		6C0814D5C4CB4DF38BD717EB /* MaterialIcons.ttf */ = {isa = PBXFileReference; explicitFileType = undefined; fileEncoding = 9; includeInIndex = 0; lastKnownFileType = unknown; name = MaterialIcons.ttf; path = "node_modules/react-native-vector-icons/Fonts/MaterialIcons.ttf"; sourceTree = "<group>"; };
		6DA693B51CBF71B500B42EE4 /* Orientation.h */ = {isa = PBXFileReference; fileEncoding = 4; lastKnownFileType = sourcecode.c.h; path = Orientation.h; sourceTree = "<group>"; };
		6DA693B61CBF71B500B42EE4 /* Orientation.m */ = {isa = PBXFileReference; fileEncoding = 4; lastKnownFileType = sourcecode.c.objc; path = Orientation.m; sourceTree = "<group>"; };
		73505FE73B2F4879A54B9EB4 /* Octicons.ttf */ = {isa = PBXFileReference; explicitFileType = undefined; fileEncoding = 9; includeInIndex = 0; lastKnownFileType = unknown; name = Octicons.ttf; path = "node_modules/react-native-vector-icons/Fonts/Octicons.ttf"; sourceTree = "<group>"; };
		7DD7F15DFCA46BA0E76CD8B2 /* Pods.release.xcconfig */ = {isa = PBXFileReference; includeInIndex = 1; lastKnownFileType = text.xcconfig; name = Pods.release.xcconfig; path = "Pods/Target Support Files/Pods/Pods.release.xcconfig"; sourceTree = "<group>"; };
		81205198C36449819B8EB261 /* libRNVectorIcons.a */ = {isa = PBXFileReference; explicitFileType = undefined; fileEncoding = 9; includeInIndex = 0; lastKnownFileType = archive.ar; path = libRNVectorIcons.a; sourceTree = "<group>"; };
		89E94AEB84EF573737C2F165 /* libPods.a */ = {isa = PBXFileReference; explicitFileType = archive.ar; includeInIndex = 0; path = libPods.a; sourceTree = BUILT_PRODUCTS_DIR; };
		8B08C5EB1CA00E6000961C8F /* BVLinearGradient.xcodeproj */ = {isa = PBXFileReference; lastKnownFileType = "wrapper.pb-project"; name = BVLinearGradient.xcodeproj; path = "node_modules/react-native-linear-gradient/BVLinearGradient.xcodeproj"; sourceTree = "<group>"; };
		8B856B9D1CAE55B000FE2959 /* RCTGeolocation.xcodeproj */ = {isa = PBXFileReference; lastKnownFileType = "wrapper.pb-project"; name = RCTGeolocation.xcodeproj; path = "node_modules/react-native/Libraries/Geolocation/RCTGeolocation.xcodeproj"; sourceTree = "<group>"; };
		8BB48A851C9AB9B6006D5BA2 /* RNSearchBar.xcodeproj */ = {isa = PBXFileReference; lastKnownFileType = "wrapper.pb-project"; name = RNSearchBar.xcodeproj; path = "node_modules/react-native-search-bar/RNSearchBar.xcodeproj"; sourceTree = "<group>"; };
		8F4C4D06AA3D42238E90B110 /* RNVectorIcons.xcodeproj */ = {isa = PBXFileReference; explicitFileType = undefined; fileEncoding = 9; includeInIndex = 0; lastKnownFileType = "wrapper.pb-project"; name = RNVectorIcons.xcodeproj; path = "node_modules/react-native-vector-icons/RNVectorIcons.xcodeproj"; sourceTree = "<group>"; };
		C87A08241B683A3800075643 /* plutoBack.png */ = {isa = PBXFileReference; lastKnownFileType = image.png; path = plutoBack.png; sourceTree = "<group>"; };
		C88173AE1B6FBB4E001330B7 /* TradeMuchTests.xctest */ = {isa = PBXFileReference; explicitFileType = wrapper.cfbundle; includeInIndex = 0; path = TradeMuchTests.xctest; sourceTree = BUILT_PRODUCTS_DIR; };
		C88173B11B6FBB4E001330B7 /* Info.plist */ = {isa = PBXFileReference; lastKnownFileType = text.plist.xml; path = Info.plist; sourceTree = "<group>"; };
		C88173CD1B6FBBEB001330B7 /* RCTFBSDKShareTests.m */ = {isa = PBXFileReference; fileEncoding = 4; lastKnownFileType = sourcecode.c.objc; path = RCTFBSDKShareTests.m; sourceTree = "<group>"; };
		F6FF10ABDD4C47399D482D3A /* Zocial.ttf */ = {isa = PBXFileReference; explicitFileType = undefined; fileEncoding = 9; includeInIndex = 0; lastKnownFileType = unknown; name = Zocial.ttf; path = "node_modules/react-native-vector-icons/Fonts/Zocial.ttf"; sourceTree = "<group>"; };
		FD3E2498D9524CBBBE7A7897 /* Ionicons.ttf */ = {isa = PBXFileReference; explicitFileType = undefined; fileEncoding = 9; includeInIndex = 0; lastKnownFileType = unknown; name = Ionicons.ttf; path = "node_modules/react-native-vector-icons/Fonts/Ionicons.ttf"; sourceTree = "<group>"; };
/* End PBXFileReference section */

/* Begin PBXFrameworksBuildPhase section */
		13B07F8C1A680F5B00A75B9A /* Frameworks */ = {
			isa = PBXFrameworksBuildPhase;
			buildActionMask = 2147483647;
			files = (
				D8CF3DE97E6B614A8797B5DA /* libPods.a in Frameworks */,
				8BB48A8B1C9ABA00006D5BA2 /* libRNSearchBar.a in Frameworks */,
				565653FC1CB4D7F500436083 /* libRCTLinking.a in Frameworks */,
				8B08C5F21CA00E7600961C8F /* libBVLinearGradient.a in Frameworks */,
				EFDE5E38EF7B424A9D7345CA /* libRNVectorIcons.a in Frameworks */,
				8B856BA51CAE55C300FE2959 /* libRCTGeolocation.a in Frameworks */,
			);
			runOnlyForDeploymentPostprocessing = 0;
		};
		C88173AB1B6FBB4E001330B7 /* Frameworks */ = {
			isa = PBXFrameworksBuildPhase;
			buildActionMask = 2147483647;
			files = (
			);
			runOnlyForDeploymentPostprocessing = 0;
		};
/* End PBXFrameworksBuildPhase section */

/* Begin PBXGroup section */
		13B07FAE1A68108700A75B9A /* TradeMuch */ = {
			isa = PBXGroup;
			children = (
				569A9F8D1CBF4AC600F47FFA /* main.jsbundle */,
				13B07FAF1A68108700A75B9A /* AppDelegate.h */,
				13B07FB01A68108700A75B9A /* AppDelegate.m */,
				13B07FB51A68108700A75B9A /* Images.xcassets */,
				13B07FB61A68108700A75B9A /* Info.plist */,
				13B07FB11A68108700A75B9A /* LaunchScreen.xib */,
				13B07FB71A68108700A75B9A /* main.m */,
			);
			name = TradeMuch;
			sourceTree = "<group>";
		};
		565653F31CB4D7EC00436083 /* Products */ = {
			isa = PBXGroup;
			children = (
				565653F91CB4D7EC00436083 /* libRCTLinking.a */,
			);
			name = Products;
			sourceTree = "<group>";
		};
		6D41A7C31CAE69FB00D35502 /* Products */ = {
			isa = PBXGroup;
			children = (
				6D41A7C91CAE69FB00D35502 /* libRNVectorIcons.a */,
			);
			name = Products;
			sourceTree = "<group>";
		};
		6DA693B41CBF71B500B42EE4 /* RCTOrientation */ = {
			isa = PBXGroup;
			children = (
				6DA693B51CBF71B500B42EE4 /* Orientation.h */,
				6DA693B61CBF71B500B42EE4 /* Orientation.m */,
			);
			name = RCTOrientation;
			path = "node_modules/react-native-orientation/RCTOrientation";
			sourceTree = "<group>";
		};
		79B6DD139250441AAEB944D5 /* Resources */ = {
			isa = PBXGroup;
			children = (
				2A61B272EAD74DEFB26FFA16 /* Entypo.ttf */,
				2271A41F1F4340AEB0EF98B4 /* EvilIcons.ttf */,
				18466B76EA2F45FD9DB88922 /* FontAwesome.ttf */,
				270B96237F85409A983BF4CB /* Foundation.ttf */,
				FD3E2498D9524CBBBE7A7897 /* Ionicons.ttf */,
				6C0814D5C4CB4DF38BD717EB /* MaterialIcons.ttf */,
				73505FE73B2F4879A54B9EB4 /* Octicons.ttf */,
				F6FF10ABDD4C47399D482D3A /* Zocial.ttf */,
			);
			name = Resources;
			sourceTree = "<group>";
		};
		813F1EAADE53827E10B1ADCF /* Pods */ = {
			isa = PBXGroup;
			children = (
				294D3745670740567B660B09 /* Pods.debug.xcconfig */,
				7DD7F15DFCA46BA0E76CD8B2 /* Pods.release.xcconfig */,
			);
			name = Pods;
			sourceTree = "<group>";
		};
		83CBB9F61A601CBA00E9B192 = {
			isa = PBXGroup;
			children = (
				6DA693B41CBF71B500B42EE4 /* RCTOrientation */,
				8BB48A841C9AB8C9006D5BA2 /* Libraries */,
				C87A08241B683A3800075643 /* plutoBack.png */,
				C88173AF1B6FBB4E001330B7 /* TradeMuchTests */,
				13B07FAE1A68108700A75B9A /* TradeMuch */,
				83CBBA001A601CBA00E9B192 /* Products */,
				813F1EAADE53827E10B1ADCF /* Pods */,
				FC4A9CA8B8E1A75FACA7A6B2 /* Frameworks */,
				79B6DD139250441AAEB944D5 /* Resources */,
			);
			indentWidth = 2;
			sourceTree = "<group>";
			tabWidth = 2;
		};
		83CBBA001A601CBA00E9B192 /* Products */ = {
			isa = PBXGroup;
			children = (
				13B07F961A680F5B00A75B9A /* TradeMuch.app */,
				C88173AE1B6FBB4E001330B7 /* TradeMuchTests.xctest */,
			);
			name = Products;
			sourceTree = "<group>";
		};
		8B08C5EC1CA00E6000961C8F /* Products */ = {
			isa = PBXGroup;
			children = (
				8B08C5F01CA00E6000961C8F /* libBVLinearGradient.a */,
			);
			name = Products;
			sourceTree = "<group>";
		};
		8B856B9E1CAE55B000FE2959 /* Products */ = {
			isa = PBXGroup;
			children = (
				8B856BA31CAE55B000FE2959 /* libRCTGeolocation.a */,
			);
			name = Products;
			sourceTree = "<group>";
		};
		8BB48A841C9AB8C9006D5BA2 /* Libraries */ = {
			isa = PBXGroup;
			children = (
				565653F21CB4D7EC00436083 /* RCTLinking.xcodeproj */,
				8B856B9D1CAE55B000FE2959 /* RCTGeolocation.xcodeproj */,
				8B08C5EB1CA00E6000961C8F /* BVLinearGradient.xcodeproj */,
				8BB48A851C9AB9B6006D5BA2 /* RNSearchBar.xcodeproj */,
				8F4C4D06AA3D42238E90B110 /* RNVectorIcons.xcodeproj */,
			);
			name = Libraries;
			sourceTree = "<group>";
		};
		8BB48A861C9AB9B6006D5BA2 /* Products */ = {
			isa = PBXGroup;
			children = (
				8BB48A8A1C9AB9B6006D5BA2 /* libRNSearchBar.a */,
			);
			name = Products;
			sourceTree = "<group>";
		};
		C88173AF1B6FBB4E001330B7 /* TradeMuchTests */ = {
			isa = PBXGroup;
			children = (
				C88173B01B6FBB4E001330B7 /* Supporting Files */,
				C88173CD1B6FBBEB001330B7 /* RCTFBSDKShareTests.m */,
			);
			path = TradeMuchTests;
			sourceTree = "<group>";
		};
		C88173B01B6FBB4E001330B7 /* Supporting Files */ = {
			isa = PBXGroup;
			children = (
				C88173B11B6FBB4E001330B7 /* Info.plist */,
			);
			name = "Supporting Files";
			sourceTree = "<group>";
		};
		FC4A9CA8B8E1A75FACA7A6B2 /* Frameworks */ = {
			isa = PBXGroup;
			children = (
				89E94AEB84EF573737C2F165 /* libPods.a */,
			);
			name = Frameworks;
			sourceTree = "<group>";
		};
/* End PBXGroup section */

/* Begin PBXNativeTarget section */
		13B07F861A680F5B00A75B9A /* TradeMuch */ = {
			isa = PBXNativeTarget;
			buildConfigurationList = 13B07F931A680F5B00A75B9A /* Build configuration list for PBXNativeTarget "TradeMuch" */;
			buildPhases = (
				F3A64A0C7F2119F10584D929 /* Check Pods Manifest.lock */,
				13B07F871A680F5B00A75B9A /* Sources */,
				13B07F8C1A680F5B00A75B9A /* Frameworks */,
				13B07F8E1A680F5B00A75B9A /* Resources */,
				A298685892000314546A3A49 /* Embed Pods Frameworks */,
				D05715A3477F3E968519F539 /* Copy Pods Resources */,
			);
			buildRules = (
			);
			dependencies = (
			);
			name = TradeMuch;
			productName = "Hello World";
			productReference = 13B07F961A680F5B00A75B9A /* TradeMuch.app */;
			productType = "com.apple.product-type.application";
		};
		C88173AD1B6FBB4E001330B7 /* TradeMuchTests */ = {
			isa = PBXNativeTarget;
			buildConfigurationList = C88173C21B6FBB4E001330B7 /* Build configuration list for PBXNativeTarget "TradeMuchTests" */;
			buildPhases = (
				C88173AA1B6FBB4E001330B7 /* Sources */,
				C88173AB1B6FBB4E001330B7 /* Frameworks */,
				C88173AC1B6FBB4E001330B7 /* Resources */,
			);
			buildRules = (
			);
			dependencies = (
				C88173B51B6FBB4E001330B7 /* PBXTargetDependency */,
			);
			name = TradeMuchTests;
			productName = TradeMuchTests;
			productReference = C88173AE1B6FBB4E001330B7 /* TradeMuchTests.xctest */;
			productType = "com.apple.product-type.bundle.unit-test";
		};
/* End PBXNativeTarget section */

/* Begin PBXProject section */
		83CBB9F71A601CBA00E9B192 /* Project object */ = {
			isa = PBXProject;
			attributes = {
				LastUpgradeCheck = 0730;
				ORGANIZATIONNAME = Facebook;
				TargetAttributes = {
					13B07F861A680F5B00A75B9A = {
						DevelopmentTeam = TWVFHTEDSF;
					};
					C88173AD1B6FBB4E001330B7 = {
						CreatedOnToolsVersion = 6.3.2;
						TestTargetID = 13B07F861A680F5B00A75B9A;
					};
				};
			};
			buildConfigurationList = 83CBB9FA1A601CBA00E9B192 /* Build configuration list for PBXProject "TradeMuch" */;
			compatibilityVersion = "Xcode 3.2";
			developmentRegion = English;
			hasScannedForEncodings = 0;
			knownRegions = (
				en,
				Base,
			);
			mainGroup = 83CBB9F61A601CBA00E9B192;
			productRefGroup = 83CBBA001A601CBA00E9B192 /* Products */;
			projectDirPath = "";
			projectReferences = (
				{
					ProductGroup = 8B08C5EC1CA00E6000961C8F /* Products */;
					ProjectRef = 8B08C5EB1CA00E6000961C8F /* BVLinearGradient.xcodeproj */;
				},
				{
					ProductGroup = 8B856B9E1CAE55B000FE2959 /* Products */;
					ProjectRef = 8B856B9D1CAE55B000FE2959 /* RCTGeolocation.xcodeproj */;
				},
				{
					ProductGroup = 565653F31CB4D7EC00436083 /* Products */;
					ProjectRef = 565653F21CB4D7EC00436083 /* RCTLinking.xcodeproj */;
				},
				{
					ProductGroup = 8BB48A861C9AB9B6006D5BA2 /* Products */;
					ProjectRef = 8BB48A851C9AB9B6006D5BA2 /* RNSearchBar.xcodeproj */;
				},
				{
					ProductGroup = 6D41A7C31CAE69FB00D35502 /* Products */;
					ProjectRef = 8F4C4D06AA3D42238E90B110 /* RNVectorIcons.xcodeproj */;
				},
			);
			projectRoot = "";
			targets = (
				13B07F861A680F5B00A75B9A /* TradeMuch */,
				C88173AD1B6FBB4E001330B7 /* TradeMuchTests */,
			);
		};
/* End PBXProject section */

/* Begin PBXReferenceProxy section */
		565653F91CB4D7EC00436083 /* libRCTLinking.a */ = {
			isa = PBXReferenceProxy;
			fileType = archive.ar;
			path = libRCTLinking.a;
			remoteRef = 565653F81CB4D7EC00436083 /* PBXContainerItemProxy */;
			sourceTree = BUILT_PRODUCTS_DIR;
		};
		6D41A7C91CAE69FB00D35502 /* libRNVectorIcons.a */ = {
			isa = PBXReferenceProxy;
			fileType = archive.ar;
			path = libRNVectorIcons.a;
			remoteRef = 6D41A7C81CAE69FB00D35502 /* PBXContainerItemProxy */;
			sourceTree = BUILT_PRODUCTS_DIR;
		};
		8B08C5F01CA00E6000961C8F /* libBVLinearGradient.a */ = {
			isa = PBXReferenceProxy;
			fileType = archive.ar;
			path = libBVLinearGradient.a;
			remoteRef = 8B08C5EF1CA00E6000961C8F /* PBXContainerItemProxy */;
			sourceTree = BUILT_PRODUCTS_DIR;
		};
		8B856BA31CAE55B000FE2959 /* libRCTGeolocation.a */ = {
			isa = PBXReferenceProxy;
			fileType = archive.ar;
			path = libRCTGeolocation.a;
			remoteRef = 8B856BA21CAE55B000FE2959 /* PBXContainerItemProxy */;
			sourceTree = BUILT_PRODUCTS_DIR;
		};
		8BB48A8A1C9AB9B6006D5BA2 /* libRNSearchBar.a */ = {
			isa = PBXReferenceProxy;
			fileType = archive.ar;
			path = libRNSearchBar.a;
			remoteRef = 8BB48A891C9AB9B6006D5BA2 /* PBXContainerItemProxy */;
			sourceTree = BUILT_PRODUCTS_DIR;
		};
/* End PBXReferenceProxy section */

/* Begin PBXResourcesBuildPhase section */
		13B07F8E1A680F5B00A75B9A /* Resources */ = {
			isa = PBXResourcesBuildPhase;
			buildActionMask = 2147483647;
			files = (
				C87A08251B683A3800075643 /* plutoBack.png in Resources */,
				13B07FBF1A68108700A75B9A /* Images.xcassets in Resources */,
				13B07FBD1A68108700A75B9A /* LaunchScreen.xib in Resources */,
				569A9F8E1CBF4AC600F47FFA /* main.jsbundle in Resources */,
				D5B9DC827F1D454281293ABA /* Entypo.ttf in Resources */,
				7DD16E341A0E42C8BB666D4A /* EvilIcons.ttf in Resources */,
				EEB1A596C59946B3BBC6DDBA /* FontAwesome.ttf in Resources */,
				0EAE332B9B454F77AB220D3B /* Foundation.ttf in Resources */,
				15D9912F0DD14BEFA5F72C29 /* Ionicons.ttf in Resources */,
				4130FBD745514CFCBCC5A4F7 /* MaterialIcons.ttf in Resources */,
				51898EAC8A9E4F79ABD06331 /* Octicons.ttf in Resources */,
				40E45189B9D14C64BC03B9F8 /* Zocial.ttf in Resources */,
			);
			runOnlyForDeploymentPostprocessing = 0;
		};
		C88173AC1B6FBB4E001330B7 /* Resources */ = {
			isa = PBXResourcesBuildPhase;
			buildActionMask = 2147483647;
			files = (
			);
			runOnlyForDeploymentPostprocessing = 0;
		};
/* End PBXResourcesBuildPhase section */

/* Begin PBXShellScriptBuildPhase section */
		A298685892000314546A3A49 /* Embed Pods Frameworks */ = {
			isa = PBXShellScriptBuildPhase;
			buildActionMask = 2147483647;
			files = (
			);
			inputPaths = (
			);
			name = "Embed Pods Frameworks";
			outputPaths = (
			);
			runOnlyForDeploymentPostprocessing = 0;
			shellPath = /bin/sh;
			shellScript = "\"${SRCROOT}/Pods/Target Support Files/Pods/Pods-frameworks.sh\"\n";
			showEnvVarsInLog = 0;
		};
		D05715A3477F3E968519F539 /* Copy Pods Resources */ = {
			isa = PBXShellScriptBuildPhase;
			buildActionMask = 2147483647;
			files = (
			);
			inputPaths = (
			);
			name = "Copy Pods Resources";
			outputPaths = (
			);
			runOnlyForDeploymentPostprocessing = 0;
			shellPath = /bin/sh;
			shellScript = "\"${SRCROOT}/Pods/Target Support Files/Pods/Pods-resources.sh\"\n";
			showEnvVarsInLog = 0;
		};
		F3A64A0C7F2119F10584D929 /* Check Pods Manifest.lock */ = {
			isa = PBXShellScriptBuildPhase;
			buildActionMask = 2147483647;
			files = (
			);
			inputPaths = (
			);
			name = "Check Pods Manifest.lock";
			outputPaths = (
			);
			runOnlyForDeploymentPostprocessing = 0;
			shellPath = /bin/sh;
			shellScript = "diff \"${PODS_ROOT}/../Podfile.lock\" \"${PODS_ROOT}/Manifest.lock\" > /dev/null\nif [[ $? != 0 ]] ; then\n    cat << EOM\nerror: The sandbox is not in sync with the Podfile.lock. Run 'pod install' or update your CocoaPods installation.\nEOM\n    exit 1\nfi\n";
			showEnvVarsInLog = 0;
		};
/* End PBXShellScriptBuildPhase section */

/* Begin PBXSourcesBuildPhase section */
		13B07F871A680F5B00A75B9A /* Sources */ = {
			isa = PBXSourcesBuildPhase;
			buildActionMask = 2147483647;
			files = (
				13B07FBC1A68108700A75B9A /* AppDelegate.m in Sources */,
				13B07FC11A68108700A75B9A /* main.m in Sources */,
				6DA693B71CBF71B500B42EE4 /* Orientation.m in Sources */,
			);
			runOnlyForDeploymentPostprocessing = 0;
		};
		C88173AA1B6FBB4E001330B7 /* Sources */ = {
			isa = PBXSourcesBuildPhase;
			buildActionMask = 2147483647;
			files = (
				C88173CE1B6FBBEB001330B7 /* RCTFBSDKShareTests.m in Sources */,
			);
			runOnlyForDeploymentPostprocessing = 0;
		};
/* End PBXSourcesBuildPhase section */

/* Begin PBXTargetDependency section */
		C88173B51B6FBB4E001330B7 /* PBXTargetDependency */ = {
			isa = PBXTargetDependency;
			target = 13B07F861A680F5B00A75B9A /* TradeMuch */;
			targetProxy = C88173B41B6FBB4E001330B7 /* PBXContainerItemProxy */;
		};
/* End PBXTargetDependency section */

/* Begin PBXVariantGroup section */
		13B07FB11A68108700A75B9A /* LaunchScreen.xib */ = {
			isa = PBXVariantGroup;
			children = (
				13B07FB21A68108700A75B9A /* Base */,
			);
			name = LaunchScreen.xib;
			path = iOS;
			sourceTree = "<group>";
		};
/* End PBXVariantGroup section */

/* Begin XCBuildConfiguration section */
		13B07F941A680F5B00A75B9A /* Debug */ = {
			isa = XCBuildConfiguration;
			baseConfigurationReference = 294D3745670740567B660B09 /* Pods.debug.xcconfig */;
			buildSettings = {
				ASSETCATALOG_COMPILER_APPICON_NAME = AppIcon;
				CODE_SIGN_IDENTITY = "iPhone Developer";
				"CODE_SIGN_IDENTITY[sdk=iphoneos*]" = "iPhone Developer";
				INFOPLIST_FILE = iOS/Info.plist;
				LIBRARY_SEARCH_PATHS = (
					"$(inherited)",
					"\"$(SRCROOT)\"",
				);
				PRODUCT_BUNDLE_IDENTIFIER = com.trunksys.trademuch;
				PRODUCT_NAME = TradeMuch;
				PROVISIONING_PROFILE = "";
				SDKROOT = iphoneos;
			};
			name = Debug;
		};
		13B07F951A680F5B00A75B9A /* Release */ = {
			isa = XCBuildConfiguration;
			baseConfigurationReference = 7DD7F15DFCA46BA0E76CD8B2 /* Pods.release.xcconfig */;
			buildSettings = {
				ASSETCATALOG_COMPILER_APPICON_NAME = AppIcon;
				CODE_SIGN_IDENTITY = "iPhone Developer";
				"CODE_SIGN_IDENTITY[sdk=iphoneos*]" = "iPhone Developer";
				INFOPLIST_FILE = iOS/Info.plist;
				LIBRARY_SEARCH_PATHS = (
					"$(inherited)",
					"\"$(SRCROOT)\"",
				);
				ONLY_ACTIVE_ARCH = NO;
				PRODUCT_BUNDLE_IDENTIFIER = com.trunksys.trademuch;
				PRODUCT_NAME = TradeMuch;
				PROVISIONING_PROFILE = "";
				SDKROOT = iphoneos;
			};
			name = Release;
		};
		83CBBA201A601CBA00E9B192 /* Debug */ = {
			isa = XCBuildConfiguration;
			buildSettings = {
				ALWAYS_SEARCH_USER_PATHS = NO;
				CLANG_CXX_LANGUAGE_STANDARD = "gnu++0x";
				CLANG_CXX_LIBRARY = "libc++";
				CLANG_ENABLE_MODULES = YES;
				CLANG_ENABLE_OBJC_ARC = YES;
				CLANG_WARN_BOOL_CONVERSION = YES;
				CLANG_WARN_CONSTANT_CONVERSION = YES;
				CLANG_WARN_DIRECT_OBJC_ISA_USAGE = YES_ERROR;
				CLANG_WARN_EMPTY_BODY = YES;
				CLANG_WARN_ENUM_CONVERSION = YES;
				CLANG_WARN_INT_CONVERSION = YES;
				CLANG_WARN_OBJC_ROOT_CLASS = YES_ERROR;
				CLANG_WARN_UNREACHABLE_CODE = YES;
				CLANG_WARN__DUPLICATE_METHOD_MATCH = YES;
				"CODE_SIGN_IDENTITY[sdk=iphoneos*]" = "iPhone Developer";
				COPY_PHASE_STRIP = NO;
				ENABLE_STRICT_OBJC_MSGSEND = YES;
				ENABLE_TESTABILITY = YES;
				GCC_C_LANGUAGE_STANDARD = gnu99;
				GCC_DYNAMIC_NO_PIC = NO;
				GCC_OPTIMIZATION_LEVEL = 0;
				GCC_PREPROCESSOR_DEFINITIONS = (
					"DEBUG=1",
					"$(inherited)",
				);
				GCC_SYMBOLS_PRIVATE_EXTERN = NO;
				GCC_WARN_64_TO_32_BIT_CONVERSION = YES;
				GCC_WARN_ABOUT_RETURN_TYPE = YES_ERROR;
				GCC_WARN_UNDECLARED_SELECTOR = YES;
				GCC_WARN_UNINITIALIZED_AUTOS = YES_AGGRESSIVE;
				GCC_WARN_UNUSED_FUNCTION = YES;
				GCC_WARN_UNUSED_VARIABLE = YES;
				IPHONEOS_DEPLOYMENT_TARGET = 8.0;
				MTL_ENABLE_DEBUG_INFO = YES;
				ONLY_ACTIVE_ARCH = YES;
				SDKROOT = iphoneos;
			};
			name = Debug;
		};
		83CBBA211A601CBA00E9B192 /* Release */ = {
			isa = XCBuildConfiguration;
			buildSettings = {
				ALWAYS_SEARCH_USER_PATHS = NO;
				CLANG_CXX_LANGUAGE_STANDARD = "gnu++0x";
				CLANG_CXX_LIBRARY = "libc++";
				CLANG_ENABLE_MODULES = YES;
				CLANG_ENABLE_OBJC_ARC = YES;
				CLANG_WARN_BOOL_CONVERSION = YES;
				CLANG_WARN_CONSTANT_CONVERSION = YES;
				CLANG_WARN_DIRECT_OBJC_ISA_USAGE = YES_ERROR;
				CLANG_WARN_EMPTY_BODY = YES;
				CLANG_WARN_ENUM_CONVERSION = YES;
				CLANG_WARN_INT_CONVERSION = YES;
				CLANG_WARN_OBJC_ROOT_CLASS = YES_ERROR;
				CLANG_WARN_UNREACHABLE_CODE = YES;
				CLANG_WARN__DUPLICATE_METHOD_MATCH = YES;
				"CODE_SIGN_IDENTITY[sdk=iphoneos*]" = "iPhone Developer";
				COPY_PHASE_STRIP = YES;
				ENABLE_NS_ASSERTIONS = NO;
				ENABLE_STRICT_OBJC_MSGSEND = YES;
				GCC_C_LANGUAGE_STANDARD = gnu99;
				GCC_WARN_64_TO_32_BIT_CONVERSION = YES;
				GCC_WARN_ABOUT_RETURN_TYPE = YES_ERROR;
				GCC_WARN_UNDECLARED_SELECTOR = YES;
				GCC_WARN_UNINITIALIZED_AUTOS = YES_AGGRESSIVE;
				GCC_WARN_UNUSED_FUNCTION = YES;
				GCC_WARN_UNUSED_VARIABLE = YES;
				IPHONEOS_DEPLOYMENT_TARGET = 8.0;
				MTL_ENABLE_DEBUG_INFO = NO;
				SDKROOT = iphoneos;
				VALIDATE_PRODUCT = YES;
			};
			name = Release;
		};
		C88173B61B6FBB4E001330B7 /* Debug */ = {
			isa = XCBuildConfiguration;
			buildSettings = {
				BUNDLE_LOADER = "$(TEST_HOST)";
				DEBUG_INFORMATION_FORMAT = "dwarf-with-dsym";
				GCC_NO_COMMON_BLOCKS = YES;
				GCC_PREPROCESSOR_DEFINITIONS = (
					"DEBUG=1",
					"$(inherited)",
				);
				HEADER_SEARCH_PATHS = (
					"$(inherited)",
					/Applications/Xcode.app/Contents/Developer/Toolchains/XcodeDefault.xctoolchain/usr/include,
					"$(SRCROOT)/Pods/Headers/Public/**",
					"$(SRCROOT)/node_modules/react-native-vector-icons/RNVectorIconsManager",
				);
				INFOPLIST_FILE = TradeMuchTests/Info.plist;
				IPHONEOS_DEPLOYMENT_TARGET = 8.3;
				PRODUCT_BUNDLE_IDENTIFIER = "com.facebook.$(PRODUCT_NAME:rfc1034identifier)";
				PRODUCT_NAME = "$(TARGET_NAME)";
				TEST_HOST = "$(BUILT_PRODUCTS_DIR)/TradeMuch.app/TradeMuch";
			};
			name = Debug;
		};
		C88173B71B6FBB4E001330B7 /* Release */ = {
			isa = XCBuildConfiguration;
			buildSettings = {
				BUNDLE_LOADER = "$(TEST_HOST)";
				COPY_PHASE_STRIP = NO;
				DEBUG_INFORMATION_FORMAT = "dwarf-with-dsym";
				GCC_NO_COMMON_BLOCKS = YES;
				HEADER_SEARCH_PATHS = (
					"$(inherited)",
					/Applications/Xcode.app/Contents/Developer/Toolchains/XcodeDefault.xctoolchain/usr/include,
					"$(SRCROOT)/Pods/Headers/Public/**",
					"$(SRCROOT)/node_modules/react-native-vector-icons/RNVectorIconsManager",
				);
				INFOPLIST_FILE = TradeMuchTests/Info.plist;
				IPHONEOS_DEPLOYMENT_TARGET = 8.3;
				PRODUCT_BUNDLE_IDENTIFIER = "com.facebook.$(PRODUCT_NAME:rfc1034identifier)";
				PRODUCT_NAME = "$(TARGET_NAME)";
				TEST_HOST = "$(BUILT_PRODUCTS_DIR)/TradeMuch.app/TradeMuch";
			};
			name = Release;
		};
/* End XCBuildConfiguration section */

/* Begin XCConfigurationList section */
		13B07F931A680F5B00A75B9A /* Build configuration list for PBXNativeTarget "TradeMuch" */ = {
			isa = XCConfigurationList;
			buildConfigurations = (
				13B07F941A680F5B00A75B9A /* Debug */,
				13B07F951A680F5B00A75B9A /* Release */,
			);
			defaultConfigurationIsVisible = 0;
			defaultConfigurationName = Release;
		};
		83CBB9FA1A601CBA00E9B192 /* Build configuration list for PBXProject "TradeMuch" */ = {
			isa = XCConfigurationList;
			buildConfigurations = (
				83CBBA201A601CBA00E9B192 /* Debug */,
				83CBBA211A601CBA00E9B192 /* Release */,
			);
			defaultConfigurationIsVisible = 0;
			defaultConfigurationName = Release;
		};
		C88173C21B6FBB4E001330B7 /* Build configuration list for PBXNativeTarget "TradeMuchTests" */ = {
			isa = XCConfigurationList;
			buildConfigurations = (
				C88173B61B6FBB4E001330B7 /* Debug */,
				C88173B71B6FBB4E001330B7 /* Release */,
			);
			defaultConfigurationIsVisible = 0;
			defaultConfigurationName = Release;
		};
/* End XCConfigurationList section */
	};
	rootObject = 83CBB9F71A601CBA00E9B192 /* Project object */;
}
